
Microsoft Visual Studio Solution File, Format Version 12.00
# Visual Studio 2013
VisualStudioVersion = 12.0.30501.0
MinimumVisualStudioVersion = 10.0.40219.1
Project("{E24C65DC-7377-472B-9ABA-BC803B73C61A}") = "score-keeper", "http://localhost:6526", "{2BC0EA3B-F0DA-4838-BC38-8B5469043BB3}"
	ProjectSection(WebsiteProperties) = preProject
		UseIISExpress = "true"
		TargetFrameworkMoniker = ".NETFramework,Version%3Dv4.0"
		Debug.AspNetCompiler.VirtualPath = "/localhost_6526"
		Debug.AspNetCompiler.PhysicalPath = "..\score-keeper\"
		Debug.AspNetCompiler.TargetPath = "PrecompiledWeb\localhost_6526\"
		Debug.AspNetCompiler.Updateable = "true"
		Debug.AspNetCompiler.ForceOverwrite = "true"
		Debug.AspNetCompiler.FixedNames = "false"
		Debug.AspNetCompiler.Debug = "True"
		Release.AspNetCompiler.VirtualPath = "/localhost_6526"
		Release.AspNetCompiler.PhysicalPath = "..\score-keeper\"
		Release.AspNetCompiler.TargetPath = "PrecompiledWeb\localhost_6526\"
		Release.AspNetCompiler.Updateable = "true"
		Release.AspNetCompiler.ForceOverwrite = "true"
		Release.AspNetCompiler.FixedNames = "false"
		Release.AspNetCompiler.Debug = "False"
		SlnRelativePath = "..\score-keeper\"
	EndProjectSection
EndProject
Global
	GlobalSection(SolutionConfigurationPlatforms) = preSolution
		Debug|Any CPU = Debug|Any CPU
	EndGlobalSection
	GlobalSection(ProjectConfigurationPlatforms) = postSolution
		{2BC0EA3B-F0DA-4838-BC38-8B5469043BB3}.Debug|Any CPU.ActiveCfg = Debug|Any CPU
		{2BC0EA3B-F0DA-4838-BC38-8B5469043BB3}.Debug|Any CPU.Build.0 = Debug|Any CPU
	EndGlobalSection
	GlobalSection(SolutionProperties) = preSolution
		HideSolutionNode = FALSE
	EndGlobalSection
EndGlobal
